<?xml version="1.0" encoding="utf-8"?>
<Project ToolsVersion="4.0" xmlns="http://schemas.microsoft.com/developer/msbuild/2003">
  <ItemGroup>
    <ClCompile Include="src\Render\Buffer.cpp" />
    <ClCompile Include="src\Core\SceneManager.cpp" />
    <ClCompile Include="src\ECS\Component\IComponent.cpp" />
    <ClCompile Include="src\ECS\GameObject.cpp" />
    <ClCompile Include="src\Core\Scene.cpp" />
    <ClCompile Include="src\Core\Window.cpp" />
    <ClCompile Include="src\ECS\Component\Components\Transform.cpp" />
    <ClCompile Include="src\Render\RenderDevice.cpp" />
    <ClCompile Include="src\Render\Shader.cpp" />
    <ClCompile Include="src\Render\VertexArrayObject.cpp" />
    <ClCompile Include="src\Render\Buffer.cpp" />
    <ClCompile Include="src\Render\Texture.cpp" />
    <ClCompile Include="src\Utils\stb_image\stb_image.cpp" />
  </ItemGroup>
  <ItemGroup>
    <ClInclude Include="include\Core\Export.h">
      <Filter>Fichiers d%27en-tête</Filter>
    </ClInclude>
    <ClInclude Include="include\Core\Window.h">
      <Filter>Fichiers d%27en-tête</Filter>
    </ClInclude>
    <ClInclude Include="include\Core\SceneManagement\Scene.h">
      <Filter>Fichiers d%27en-tête</Filter>
    </ClInclude>
    <ClInclude Include="include\ECS\System\Tree.h">
      <Filter>Fichiers d%27en-tête</Filter>
    </ClInclude>
    <ClInclude Include="include\ECS\Entity\GameObject.h">
      <Filter>Fichiers d%27en-tête</Filter>
    </ClInclude>
    <ClInclude Include="include\Core\SceneManagement\SceneManager.h">
      <Filter>Fichiers d%27en-tête</Filter>
    </ClInclude>
    <ClInclude Include="include\Core\Internal\AuthorizationBadge.h">
      <Filter>Fichiers d%27en-tête</Filter>
    </ClInclude>
    <ClInclude Include="include\ECS\Component\IComponent.h">
      <Filter>Fichiers d%27en-tête</Filter>
    </ClInclude>
    <ClInclude Include="include\ECS\Component\Components\Transform.h">
      <Filter>Fichiers d%27en-tête</Filter>
    </ClInclude>
    <ClInclude Include="include\ECS\Entity\GameObject.hxx">
      <Filter>Fichiers d%27en-tête</Filter>
    </ClInclude>
    <ClInclude Include="include\Core\Internal\RTTI.h">
      <Filter>Fichiers d%27en-tête</Filter>
    </ClInclude>
    <ClInclude Include="include\Core\SignalSlot\Signal.hxx">
      <Filter>Fichiers d%27en-tête</Filter>
    </ClInclude>
    <ClInclude Include="include\Core\SignalSlot\Signal.h">
      <Filter>Fichiers d%27en-tête</Filter>
    </ClInclude>
    <ClInclude Include="include\Core\SignalSlot\Slot.h">
      <Filter>Fichiers d%27en-tête</Filter>
    </ClInclude>
    <ClInclude Include="include\Core\SignalSlot\Slot.hxx">
      <Filter>Fichiers d%27en-tête</Filter>
    </ClInclude>
    <ClInclude Include="include\Render\RenderDevice.h">
      <Filter>Fichiers d%27en-tête</Filter>
    </ClInclude>
    <ClInclude Include="include\Render\Shader.h">
      <Filter>Fichiers d%27en-tête</Filter>
    </ClInclude>
    <ClInclude Include="include\Render\VertexArrayObject.h">
    <ClInclude Include="include\Utils\Logger.h">
      <Filter>Fichiers d%27en-tête</Filter>
    </ClInclude>
  </ItemGroup>
  <ItemGroup>
    <ClCompile Include="src\Core\Window.cpp">
      <Filter>Fichiers sources</Filter>
    </ClCompile>
    <ClCompile Include="src\Core\Scene.cpp">
      <Filter>Fichiers sources</Filter>
    </ClCompile>
    <ClCompile Include="src\ECS\GameObject.cpp">
      <Filter>Fichiers sources</Filter>
    </ClCompile>
    <ClCompile Include="src\Core\SceneManager.cpp">
      <Filter>Fichiers sources</Filter>
    </ClCompile>
    <ClCompile Include="src\ECS\Component\IComponent.cpp">
      <Filter>Fichiers sources</Filter>
    </ClCompile>
    <ClCompile Include="src\ECS\Component\Components\Transform.cpp">
      <Filter>Fichiers sources</Filter>
    </ClCompile>
<<<<<<< HEAD
    <ClCompile Include="src\Render\RenderDevice.cpp">
      <Filter>Fichiers sources</Filter>
    </ClCompile>
    <ClCompile Include="src\Render\Shader.cpp">
      <Filter>Fichiers sources</Filter>
    </ClCompile>
    <ClCompile Include="src\Render\VertexArrayObject.cpp">
      <Filter>Fichiers sources</Filter>
    </ClCompile>
  </ItemGroup>
  <ItemGroup>
    <None Include="src\Render\Shaders\DefaultVertexShader.glsl" />
  </ItemGroup>
</Project>