<?xml version="1.0" encoding="utf-8"?>
<Project ToolsVersion="4.0" xmlns="http://schemas.microsoft.com/developer/msbuild/2003">
  <ItemGroup>
    <ClCompile Include="src\Render\Buffer.cpp" />
    <ClCompile Include="src\Utils\stb_image\stb_image.cpp" />
    <ClCompile Include="src\Core\SceneManagement\SceneManager.cpp" />
    <ClCompile Include="src\ECS\Component\IComponent.cpp" />
    <ClCompile Include="src\ECS\GameObject.cpp" />
    <ClCompile Include="src\Core\SceneManagement\Scene.cpp" />
    <ClCompile Include="src\Core\Window.cpp" />
    <ClCompile Include="src\ECS\Component\Components\Transform.cpp" />
    <ClCompile Include="src\Render\RenderDevice.cpp" />
    <ClCompile Include="src\Render\Shader.cpp" />
    <ClCompile Include="src\Render\VertexArrayObject.cpp" />
    <ClCompile Include="src\Render\Texture.cpp" />
    <ClCompile Include="src\Utils\Logger.cpp" />
    <ClCompile Include="src\Core\Serial\XmlParser.cpp" />
    <ClCompile Include="src\Core\Serial\TextureManager.cpp" />
    <ClCompile Include="src\ECS\Component\Components\SpriteRenderer.cpp" />
    <ClCompile Include="src\FrostEngine.cpp" />
    <ClCompile Include="src\ECS\Component\Components\BoxCollider.cpp" />
    <ClCompile Include="src\Core\Input\Input.cpp" />
    <ClCompile Include="src\Editor\Editor.cpp" />
    <ClCompile Include="src\Utils\Explorer.cpp" />
    <ClCompile Include="src\Utils\TextEditor.cpp" />
  </ItemGroup>
  <ItemGroup>
    <ClInclude Include="include\Core\Internal\AuthorizationBadge.h" />
    <ClInclude Include="include\Core\Internal\RTTI.h" />
    <ClInclude Include="include\Core\SignalSlot\Signal.h" />
    <ClInclude Include="include\Core\SignalSlot\Signal.hxx" />
    <ClInclude Include="include\Core\SignalSlot\Slot.h" />
    <ClInclude Include="include\Core\SignalSlot\Slot.hxx" />
    <ClInclude Include="include\ECS\Component\IComponent.h" />
    <ClInclude Include="include\ECS\Entity\GameObject.h" />
    <ClInclude Include="include\Core\Internal\Export.h" />
    <ClInclude Include="include\Core\Internal\Window.h" />
    <ClInclude Include="include\Core\SceneManagement\Scene.h" />
    <ClInclude Include="include\ECS\Entity\GameObject.hxx" />
    <ClInclude Include="include\ECS\System\Tree.h" />
    <ClInclude Include="include\Core\SceneManagement\SceneManager.h" />
    <ClInclude Include="include\ECS\Component\Components\Transform.h" />
    <ClInclude Include="include\Render\Buffer.h" />
    <ClInclude Include="include\Render\RenderDevice.h" />
    <ClInclude Include="include\Render\Shader.h" />
    <ClInclude Include="include\Render\VertexArrayObject.h" />
    <ClInclude Include="include\Utils\stb_image.h" />
    <ClInclude Include="include\Render\Texture.h" />
    <ClInclude Include="include\Core\Serial\Save.h" />
    <ClInclude Include="include\Core\Serial\XmlParser.h" />
    <ClInclude Include="include\Core\Serial\TextureManager.h" />
    <ClInclude Include="include\ECS\Component\Components\SpriteRenderer.h" />
    <ClInclude Include="include\Utils\Logger.h" />
    <ClInclude Include="include\FrostEngine.h" />
    <ClInclude Include="include\ECS\Component\Components\BoxCollider.h" />
    <ClInclude Include="include\Core\Input\Input.h" />
    <ClInclude Include="include\Editor\Editor.h" />
    <ClInclude Include="include\Utils\Explorer.h" />
    <ClInclude Include="include\Utils\TextEditor.h" />
  </ItemGroup>
  <ItemGroup>
    <None Include="src\Render\Shaders\DefaultVertexShader.glsl" />
  </ItemGroup>
  <ItemGroup>
    <Xml Include="Ressources\Save.xml" />
  </ItemGroup>
</Project>